// !$*UTF8*$!
{
	archiveVersion = 1;
	classes = {
	};
	objectVersion = 48;
	objects = {

/* Begin PBXBuildFile section */
		25BCB6677C2DCECE86B87D7A /* Pods_Plandoc.framework in Frameworks */ = {isa = PBXBuildFile; fileRef = DF2AC1154E943F506F5EADE6 /* Pods_Plandoc.framework */; };
		341BDBBE1F9E592A000DEFCB /* InitialController.swift in Sources */ = {isa = PBXBuildFile; fileRef = 341BDBBD1F9E592A000DEFCB /* InitialController.swift */; };
		341BDBC01F9E5F04000DEFCB /* Menu.storyboard in Resources */ = {isa = PBXBuildFile; fileRef = 341BDBBF1F9E5F04000DEFCB /* Menu.storyboard */; };
		3426E1AF1FAB756A0087E1A5 /* User.swift in Sources */ = {isa = PBXBuildFile; fileRef = 3426E1AE1FAB756A0087E1A5 /* User.swift */; };
		3426E1B11FABA59C0087E1A5 /* Profile.swift in Sources */ = {isa = PBXBuildFile; fileRef = 3426E1B01FABA59C0087E1A5 /* Profile.swift */; };
		3426E1B31FABA5B30087E1A5 /* Shift.swift in Sources */ = {isa = PBXBuildFile; fileRef = 3426E1B21FABA5B30087E1A5 /* Shift.swift */; };
		3426E1B51FACE01D0087E1A5 /* Calendar.storyboard in Resources */ = {isa = PBXBuildFile; fileRef = 3426E1B41FACE01D0087E1A5 /* Calendar.storyboard */; };
		3426E1B71FAD0FB70087E1A5 /* MonthYearPickerView.swift in Sources */ = {isa = PBXBuildFile; fileRef = 3426E1B61FAD0FB60087E1A5 /* MonthYearPickerView.swift */; };
		343B60181FCF8E83004A4418 /* ShiftCustomCell.swift in Sources */ = {isa = PBXBuildFile; fileRef = 343B60171FCF8E83004A4418 /* ShiftCustomCell.swift */; };
		34415CDB1FC07A8C0093F761 /* ForgotPasswordController.swift in Sources */ = {isa = PBXBuildFile; fileRef = 34415CDA1FC07A8C0093F761 /* ForgotPasswordController.swift */; };
		344353581FE5DEA000363111 /* FinanceController.swift in Sources */ = {isa = PBXBuildFile; fileRef = 344353571FE5DEA000363111 /* FinanceController.swift */; };
		3450E7A61F94284000A239E4 /* GoogleService-Info.plist in Resources */ = {isa = PBXBuildFile; fileRef = 3450E7A51F94281F00A239E4 /* GoogleService-Info.plist */; };
		3450E7A91F950D6E00A239E4 /* SignupNameController.swift in Sources */ = {isa = PBXBuildFile; fileRef = 3450E7A81F950D6E00A239E4 /* SignupNameController.swift */; };
		3450E7AB1F953DD900A239E4 /* UIStoryboardSegueSlide.swift in Sources */ = {isa = PBXBuildFile; fileRef = 3450E7AA1F953BBF00A239E4 /* UIStoryboardSegueSlide.swift */; };
		345568371FBF535E00B32627 /* CalendarController.swift in Sources */ = {isa = PBXBuildFile; fileRef = 345568361FBF535E00B32627 /* CalendarController.swift */; };
		3455CEEA1FA64279001DB405 /* CompanyController.swift in Sources */ = {isa = PBXBuildFile; fileRef = 3455CEE91FA64279001DB405 /* CompanyController.swift */; };
		3455CEEC1FA642A7001DB405 /* ShiftController.swift in Sources */ = {isa = PBXBuildFile; fileRef = 3455CEEB1FA642A7001DB405 /* ShiftController.swift */; };
		3455CEEE1FA65C0A001DB405 /* CompletionController.swift in Sources */ = {isa = PBXBuildFile; fileRef = 3455CEED1FA65C0A001DB405 /* CompletionController.swift */; };
		346322091F93D67A00F0CCF4 /* Podfile in Resources */ = {isa = PBXBuildFile; fileRef = 346322081F93D67A00F0CCF4 /* Podfile */; };
		346BDC3A1FB0F02000635ABA /* Company.swift in Sources */ = {isa = PBXBuildFile; fileRef = 346BDC391FB0F02000635ABA /* Company.swift */; };
		346BDC3C1FB21E4B00635ABA /* MenuController.swift in Sources */ = {isa = PBXBuildFile; fileRef = 346BDC3B1FB21E4B00635ABA /* MenuController.swift */; };
		346BDC3E1FB4B9D300635ABA /* AccountController.swift in Sources */ = {isa = PBXBuildFile; fileRef = 346BDC3D1FB4B9D300635ABA /* AccountController.swift */; };
		346EDE381FBD0C6E00F03EF4 /* Report.storyboard in Resources */ = {isa = PBXBuildFile; fileRef = 346EDE371FBD0C6E00F03EF4 /* Report.storyboard */; };
		346EDE3A1FBD0E7F00F03EF4 /* Finance.storyboard in Resources */ = {isa = PBXBuildFile; fileRef = 346EDE391FBD0E7F00F03EF4 /* Finance.storyboard */; };
		347765541F8FE93200082442 /* AppDelegate.swift in Sources */ = {isa = PBXBuildFile; fileRef = 347765531F8FE93200082442 /* AppDelegate.swift */; };
		3477655B1F8FE93200082442 /* Assets.xcassets in Resources */ = {isa = PBXBuildFile; fileRef = 3477655A1F8FE93200082442 /* Assets.xcassets */; };
		3477655E1F8FE93200082442 /* LaunchScreen.storyboard in Resources */ = {isa = PBXBuildFile; fileRef = 3477655C1F8FE93200082442 /* LaunchScreen.storyboard */; };
		347765671F8FF50D00082442 /* Login.storyboard in Resources */ = {isa = PBXBuildFile; fileRef = 347765661F8FF50D00082442 /* Login.storyboard */; };
		347765691F8FF60100082442 /* LoginController.swift in Sources */ = {isa = PBXBuildFile; fileRef = 347765681F8FF60100082442 /* LoginController.swift */; };
		3477656F1F904BEC00082442 /* Signup.storyboard in Resources */ = {isa = PBXBuildFile; fileRef = 3477656E1F904BEC00082442 /* Signup.storyboard */; };
		347765721F905F8400082442 /* UIExtensions.swift in Sources */ = {isa = PBXBuildFile; fileRef = 347765711F905F8400082442 /* UIExtensions.swift */; };
		34A075D61FAFFA2F006DDF68 /* Util.storyboard in Resources */ = {isa = PBXBuildFile; fileRef = 34A075D51FAFFA2F006DDF68 /* Util.storyboard */; };
		34A075D81FAFFB2F006DDF68 /* AlertController.swift in Sources */ = {isa = PBXBuildFile; fileRef = 34A075D71FAFFB2F006DDF68 /* AlertController.swift */; };
		34AD2D4F1F966AE00083E942 /* FirstSteps.storyboard in Resources */ = {isa = PBXBuildFile; fileRef = 34AD2D4E1F966AE00083E942 /* FirstSteps.storyboard */; };
		34AD2D561F976D010083E942 /* TutorialController.swift in Sources */ = {isa = PBXBuildFile; fileRef = 34AD2D521F976D010083E942 /* TutorialController.swift */; };
		34AD2D571F976D010083E942 /* Tutorial.storyboard in Resources */ = {isa = PBXBuildFile; fileRef = 34AD2D531F976D010083E942 /* Tutorial.storyboard */; };
		34AD2D581F976D010083E942 /* PageController.swift in Sources */ = {isa = PBXBuildFile; fileRef = 34AD2D541F976D010083E942 /* PageController.swift */; };
		34C478871FE48F9400FF6E05 /* MainReportController.swift in Sources */ = {isa = PBXBuildFile; fileRef = 34C478861FE48F9400FF6E05 /* MainReportController.swift */; };
		34D056051F9583F800C0344B /* SignupPhoneController.swift in Sources */ = {isa = PBXBuildFile; fileRef = 34D056041F9583F800C0344B /* SignupPhoneController.swift */; };
		34D056071F96608100C0344B /* SignupCodeController.swift in Sources */ = {isa = PBXBuildFile; fileRef = 34D056061F96608100C0344B /* SignupCodeController.swift */; };
		34D409FE1F9F8948002F3F51 /* FirstStepsController.swift in Sources */ = {isa = PBXBuildFile; fileRef = 34D409FD1F9F8948002F3F51 /* FirstStepsController.swift */; };
		34D40A001F9FAB66002F3F51 /* Crud.storyboard in Resources */ = {isa = PBXBuildFile; fileRef = 34D409FF1F9FAB66002F3F51 /* Crud.storyboard */; };
		34D40A021F9FBD81002F3F51 /* ProfileController.swift in Sources */ = {isa = PBXBuildFile; fileRef = 34D40A011F9FBD81002F3F51 /* ProfileController.swift */; };
		34E17B6C1FE899D500D2973F /* Membership.storyboard in Resources */ = {isa = PBXBuildFile; fileRef = 34E17B6B1FE899D500D2973F /* Membership.storyboard */; };
		34EFC43B1FC5B9AF003640CC /* FBSDKCoreKit.framework in Frameworks */ = {isa = PBXBuildFile; fileRef = 34EFC4391FC5B9AD003640CC /* FBSDKCoreKit.framework */; };
		34EFC43C1FC5B9AF003640CC /* FBSDKLoginKit.framework in Frameworks */ = {isa = PBXBuildFile; fileRef = 34EFC43A1FC5B9AE003640CC /* FBSDKLoginKit.framework */; };
/* End PBXBuildFile section */

/* Begin PBXFileReference section */
		08BEAE92DC79734E59535580 /* Pods-Plandoc.release.xcconfig */ = {isa = PBXFileReference; includeInIndex = 1; lastKnownFileType = text.xcconfig; name = "Pods-Plandoc.release.xcconfig"; path = "Pods/Target Support Files/Pods-Plandoc/Pods-Plandoc.release.xcconfig"; sourceTree = "<group>"; };
		341BDBBD1F9E592A000DEFCB /* InitialController.swift */ = {isa = PBXFileReference; lastKnownFileType = sourcecode.swift; path = InitialController.swift; sourceTree = "<group>"; };
		341BDBBF1F9E5F04000DEFCB /* Menu.storyboard */ = {isa = PBXFileReference; lastKnownFileType = file.storyboard; path = Menu.storyboard; sourceTree = "<group>"; };
		3426E1AE1FAB756A0087E1A5 /* User.swift */ = {isa = PBXFileReference; lastKnownFileType = sourcecode.swift; path = User.swift; sourceTree = "<group>"; };
		3426E1B01FABA59C0087E1A5 /* Profile.swift */ = {isa = PBXFileReference; lastKnownFileType = sourcecode.swift; path = Profile.swift; sourceTree = "<group>"; };
		3426E1B21FABA5B30087E1A5 /* Shift.swift */ = {isa = PBXFileReference; lastKnownFileType = sourcecode.swift; path = Shift.swift; sourceTree = "<group>"; };
		3426E1B41FACE01D0087E1A5 /* Calendar.storyboard */ = {isa = PBXFileReference; lastKnownFileType = file.storyboard; path = Calendar.storyboard; sourceTree = "<group>"; };
		3426E1B61FAD0FB60087E1A5 /* MonthYearPickerView.swift */ = {isa = PBXFileReference; fileEncoding = 4; lastKnownFileType = sourcecode.swift; path = MonthYearPickerView.swift; sourceTree = "<group>"; };
		343B60171FCF8E83004A4418 /* ShiftCustomCell.swift */ = {isa = PBXFileReference; lastKnownFileType = sourcecode.swift; path = ShiftCustomCell.swift; sourceTree = "<group>"; };
		34415CDA1FC07A8C0093F761 /* ForgotPasswordController.swift */ = {isa = PBXFileReference; lastKnownFileType = sourcecode.swift; path = ForgotPasswordController.swift; sourceTree = "<group>"; };
		344353571FE5DEA000363111 /* FinanceController.swift */ = {isa = PBXFileReference; lastKnownFileType = sourcecode.swift; path = FinanceController.swift; sourceTree = "<group>"; };
		3450E7A51F94281F00A239E4 /* GoogleService-Info.plist */ = {isa = PBXFileReference; lastKnownFileType = text.plist.xml; path = "GoogleService-Info.plist"; sourceTree = "<group>"; };
		3450E7A71F94437700A239E4 /* Plandoc.entitlements */ = {isa = PBXFileReference; lastKnownFileType = text.plist.entitlements; path = Plandoc.entitlements; sourceTree = "<group>"; };
		3450E7A81F950D6E00A239E4 /* SignupNameController.swift */ = {isa = PBXFileReference; lastKnownFileType = sourcecode.swift; path = SignupNameController.swift; sourceTree = "<group>"; };
		3450E7AA1F953BBF00A239E4 /* UIStoryboardSegueSlide.swift */ = {isa = PBXFileReference; lastKnownFileType = sourcecode.swift; path = UIStoryboardSegueSlide.swift; sourceTree = "<group>"; };
		345568361FBF535E00B32627 /* CalendarController.swift */ = {isa = PBXFileReference; lastKnownFileType = sourcecode.swift; path = CalendarController.swift; sourceTree = "<group>"; };
		3455CEE91FA64279001DB405 /* CompanyController.swift */ = {isa = PBXFileReference; lastKnownFileType = sourcecode.swift; path = CompanyController.swift; sourceTree = "<group>"; };
		3455CEEB1FA642A7001DB405 /* ShiftController.swift */ = {isa = PBXFileReference; lastKnownFileType = sourcecode.swift; path = ShiftController.swift; sourceTree = "<group>"; };
		3455CEED1FA65C0A001DB405 /* CompletionController.swift */ = {isa = PBXFileReference; lastKnownFileType = sourcecode.swift; path = CompletionController.swift; sourceTree = "<group>"; };
		346322081F93D67A00F0CCF4 /* Podfile */ = {isa = PBXFileReference; lastKnownFileType = text; path = Podfile; sourceTree = "<group>"; xcLanguageSpecificationIdentifier = xcode.lang.ruby; };
		346BDC391FB0F02000635ABA /* Company.swift */ = {isa = PBXFileReference; lastKnownFileType = sourcecode.swift; path = Company.swift; sourceTree = "<group>"; };
		346BDC3B1FB21E4B00635ABA /* MenuController.swift */ = {isa = PBXFileReference; lastKnownFileType = sourcecode.swift; path = MenuController.swift; sourceTree = "<group>"; };
		346BDC3D1FB4B9D300635ABA /* AccountController.swift */ = {isa = PBXFileReference; lastKnownFileType = sourcecode.swift; path = AccountController.swift; sourceTree = "<group>"; };
		346EDE371FBD0C6E00F03EF4 /* Report.storyboard */ = {isa = PBXFileReference; lastKnownFileType = file.storyboard; path = Report.storyboard; sourceTree = "<group>"; };
		346EDE391FBD0E7F00F03EF4 /* Finance.storyboard */ = {isa = PBXFileReference; lastKnownFileType = file.storyboard; path = Finance.storyboard; sourceTree = "<group>"; };
		347765501F8FE93200082442 /* Plandoc.app */ = {isa = PBXFileReference; explicitFileType = wrapper.application; includeInIndex = 0; path = Plandoc.app; sourceTree = BUILT_PRODUCTS_DIR; };
		347765531F8FE93200082442 /* AppDelegate.swift */ = {isa = PBXFileReference; lastKnownFileType = sourcecode.swift; path = AppDelegate.swift; sourceTree = "<group>"; };
		3477655A1F8FE93200082442 /* Assets.xcassets */ = {isa = PBXFileReference; lastKnownFileType = folder.assetcatalog; path = Assets.xcassets; sourceTree = "<group>"; };
		3477655D1F8FE93200082442 /* Base */ = {isa = PBXFileReference; lastKnownFileType = file.storyboard; name = Base; path = Base.lproj/LaunchScreen.storyboard; sourceTree = "<group>"; };
		3477655F1F8FE93200082442 /* Info.plist */ = {isa = PBXFileReference; lastKnownFileType = text.plist.xml; path = Info.plist; sourceTree = "<group>"; };
		347765661F8FF50D00082442 /* Login.storyboard */ = {isa = PBXFileReference; lastKnownFileType = file.storyboard; path = Login.storyboard; sourceTree = "<group>"; };
		347765681F8FF60100082442 /* LoginController.swift */ = {isa = PBXFileReference; lastKnownFileType = sourcecode.swift; path = LoginController.swift; sourceTree = "<group>"; };
		3477656E1F904BEC00082442 /* Signup.storyboard */ = {isa = PBXFileReference; lastKnownFileType = file.storyboard; path = Signup.storyboard; sourceTree = "<group>"; };
		347765711F905F8400082442 /* UIExtensions.swift */ = {isa = PBXFileReference; lastKnownFileType = sourcecode.swift; path = UIExtensions.swift; sourceTree = "<group>"; };
		34A075D51FAFFA2F006DDF68 /* Util.storyboard */ = {isa = PBXFileReference; lastKnownFileType = file.storyboard; path = Util.storyboard; sourceTree = "<group>"; };
		34A075D71FAFFB2F006DDF68 /* AlertController.swift */ = {isa = PBXFileReference; lastKnownFileType = sourcecode.swift; path = AlertController.swift; sourceTree = "<group>"; };
		34AD2D4E1F966AE00083E942 /* FirstSteps.storyboard */ = {isa = PBXFileReference; lastKnownFileType = file.storyboard; path = FirstSteps.storyboard; sourceTree = "<group>"; };
		34AD2D521F976D010083E942 /* TutorialController.swift */ = {isa = PBXFileReference; fileEncoding = 4; lastKnownFileType = sourcecode.swift; path = TutorialController.swift; sourceTree = "<group>"; };
		34AD2D531F976D010083E942 /* Tutorial.storyboard */ = {isa = PBXFileReference; fileEncoding = 4; lastKnownFileType = file.storyboard; path = Tutorial.storyboard; sourceTree = "<group>"; };
		34AD2D541F976D010083E942 /* PageController.swift */ = {isa = PBXFileReference; fileEncoding = 4; lastKnownFileType = sourcecode.swift; path = PageController.swift; sourceTree = "<group>"; };
		34C478861FE48F9400FF6E05 /* MainReportController.swift */ = {isa = PBXFileReference; lastKnownFileType = sourcecode.swift; path = MainReportController.swift; sourceTree = "<group>"; };
		34D056041F9583F800C0344B /* SignupPhoneController.swift */ = {isa = PBXFileReference; lastKnownFileType = sourcecode.swift; path = SignupPhoneController.swift; sourceTree = "<group>"; };
		34D056061F96608100C0344B /* SignupCodeController.swift */ = {isa = PBXFileReference; lastKnownFileType = sourcecode.swift; path = SignupCodeController.swift; sourceTree = "<group>"; };
		34D409FD1F9F8948002F3F51 /* FirstStepsController.swift */ = {isa = PBXFileReference; lastKnownFileType = sourcecode.swift; path = FirstStepsController.swift; sourceTree = "<group>"; };
		34D409FF1F9FAB66002F3F51 /* Crud.storyboard */ = {isa = PBXFileReference; lastKnownFileType = file.storyboard; path = Crud.storyboard; sourceTree = "<group>"; };
		34D40A011F9FBD81002F3F51 /* ProfileController.swift */ = {isa = PBXFileReference; lastKnownFileType = sourcecode.swift; path = ProfileController.swift; sourceTree = "<group>"; };
		34E17B6B1FE899D500D2973F /* Membership.storyboard */ = {isa = PBXFileReference; lastKnownFileType = file.storyboard; path = Membership.storyboard; sourceTree = "<group>"; };
		34EFC4391FC5B9AD003640CC /* FBSDKCoreKit.framework */ = {isa = PBXFileReference; lastKnownFileType = wrapper.framework; path = FBSDKCoreKit.framework; sourceTree = "<group>"; };
		34EFC43A1FC5B9AE003640CC /* FBSDKLoginKit.framework */ = {isa = PBXFileReference; lastKnownFileType = wrapper.framework; path = FBSDKLoginKit.framework; sourceTree = "<group>"; };
		9D2DF7B5344CC92E9B49A5F9 /* Pods-Plandoc.debug.xcconfig */ = {isa = PBXFileReference; includeInIndex = 1; lastKnownFileType = text.xcconfig; name = "Pods-Plandoc.debug.xcconfig"; path = "Pods/Target Support Files/Pods-Plandoc/Pods-Plandoc.debug.xcconfig"; sourceTree = "<group>"; };
		DF2AC1154E943F506F5EADE6 /* Pods_Plandoc.framework */ = {isa = PBXFileReference; explicitFileType = wrapper.framework; includeInIndex = 0; path = Pods_Plandoc.framework; sourceTree = BUILT_PRODUCTS_DIR; };
/* End PBXFileReference section */

/* Begin PBXFrameworksBuildPhase section */
		3477654D1F8FE93200082442 /* Frameworks */ = {
			isa = PBXFrameworksBuildPhase;
			buildActionMask = 2147483647;
			files = (
				25BCB6677C2DCECE86B87D7A /* Pods_Plandoc.framework in Frameworks */,
				34EFC43B1FC5B9AF003640CC /* FBSDKCoreKit.framework in Frameworks */,
				34EFC43C1FC5B9AF003640CC /* FBSDKLoginKit.framework in Frameworks */,
			);
			runOnlyForDeploymentPostprocessing = 0;
		};
/* End PBXFrameworksBuildPhase section */

/* Begin PBXGroup section */
		3426E1AD1FAB74D00087E1A5 /* Model */ = {
			isa = PBXGroup;
			children = (
				3426E1AE1FAB756A0087E1A5 /* User.swift */,
				3426E1B01FABA59C0087E1A5 /* Profile.swift */,
				3426E1B21FABA5B30087E1A5 /* Shift.swift */,
				346BDC391FB0F02000635ABA /* Company.swift */,
			);
			path = Model;
			sourceTree = "<group>";
		};
		347765471F8FE93200082442 = {
			isa = PBXGroup;
			children = (
				346322081F93D67A00F0CCF4 /* Podfile */,
				347765521F8FE93200082442 /* Plandoc */,
				347765511F8FE93200082442 /* Products */,
				CA9CD666AC26AEF8717737AE /* Pods */,
				E81CAC70CACD9A451F4E57D8 /* Frameworks */,
			);
			sourceTree = "<group>";
		};
		347765511F8FE93200082442 /* Products */ = {
			isa = PBXGroup;
			children = (
				347765501F8FE93200082442 /* Plandoc.app */,
			);
			name = Products;
			sourceTree = "<group>";
		};
		347765521F8FE93200082442 /* Plandoc */ = {
			isa = PBXGroup;
			children = (
				3426E1AD1FAB74D00087E1A5 /* Model */,
				34AD2D501F976CF00083E942 /* FirstSteps */,
				3450E7A71F94437700A239E4 /* Plandoc.entitlements */,
				347765701F905F5500082442 /* Util */,
				3477656C1F903CE100082442 /* Report */,
				3477656B1F903CAC00082442 /* Finance */,
				3477656A1F903C8900082442 /* Operation */,
				347765651F8FF4F200082442 /* Account */,
				347765531F8FE93200082442 /* AppDelegate.swift */,
				3477655A1F8FE93200082442 /* Assets.xcassets */,
				3477655C1F8FE93200082442 /* LaunchScreen.storyboard */,
				3450E7A51F94281F00A239E4 /* GoogleService-Info.plist */,
				3477655F1F8FE93200082442 /* Info.plist */,
			);
			path = Plandoc;
			sourceTree = "<group>";
		};
		347765651F8FF4F200082442 /* Account */ = {
			isa = PBXGroup;
			children = (
				34E17B6B1FE899D500D2973F /* Membership.storyboard */,
				347765661F8FF50D00082442 /* Login.storyboard */,
				3477656E1F904BEC00082442 /* Signup.storyboard */,
				347765681F8FF60100082442 /* LoginController.swift */,
				3450E7A81F950D6E00A239E4 /* SignupNameController.swift */,
				34D056041F9583F800C0344B /* SignupPhoneController.swift */,
				34D056061F96608100C0344B /* SignupCodeController.swift */,
				341BDBBD1F9E592A000DEFCB /* InitialController.swift */,
				34415CDA1FC07A8C0093F761 /* ForgotPasswordController.swift */,
			);
			path = Account;
			sourceTree = "<group>";
		};
		3477656A1F903C8900082442 /* Operation */ = {
			isa = PBXGroup;
			children = (
				341BDBBF1F9E5F04000DEFCB /* Menu.storyboard */,
				3426E1B41FACE01D0087E1A5 /* Calendar.storyboard */,
				34D409FF1F9FAB66002F3F51 /* Crud.storyboard */,
				34D40A011F9FBD81002F3F51 /* ProfileController.swift */,
				3455CEE91FA64279001DB405 /* CompanyController.swift */,
				3455CEEB1FA642A7001DB405 /* ShiftController.swift */,
				346BDC3B1FB21E4B00635ABA /* MenuController.swift */,
				346BDC3D1FB4B9D300635ABA /* AccountController.swift */,
				345568361FBF535E00B32627 /* CalendarController.swift */,
				343B60171FCF8E83004A4418 /* ShiftCustomCell.swift */,
			);
			path = Operation;
			sourceTree = "<group>";
		};
		3477656B1F903CAC00082442 /* Finance */ = {
			isa = PBXGroup;
			children = (
				346EDE391FBD0E7F00F03EF4 /* Finance.storyboard */,
				344353571FE5DEA000363111 /* FinanceController.swift */,
			);
			path = Finance;
			sourceTree = "<group>";
		};
		3477656C1F903CE100082442 /* Report */ = {
			isa = PBXGroup;
			children = (
				346EDE371FBD0C6E00F03EF4 /* Report.storyboard */,
				34C478861FE48F9400FF6E05 /* MainReportController.swift */,
			);
			path = Report;
			sourceTree = "<group>";
		};
		347765701F905F5500082442 /* Util */ = {
			isa = PBXGroup;
			children = (
				34A075D51FAFFA2F006DDF68 /* Util.storyboard */,
				3426E1B61FAD0FB60087E1A5 /* MonthYearPickerView.swift */,
				3450E7AA1F953BBF00A239E4 /* UIStoryboardSegueSlide.swift */,
				347765711F905F8400082442 /* UIExtensions.swift */,
				34A075D71FAFFB2F006DDF68 /* AlertController.swift */,
			);
			path = Util;
			sourceTree = "<group>";
		};
		34AD2D501F976CF00083E942 /* FirstSteps */ = {
			isa = PBXGroup;
			children = (
				34AD2D4E1F966AE00083E942 /* FirstSteps.storyboard */,
				34AD2D531F976D010083E942 /* Tutorial.storyboard */,
				34AD2D521F976D010083E942 /* TutorialController.swift */,
				34AD2D541F976D010083E942 /* PageController.swift */,
				34D409FD1F9F8948002F3F51 /* FirstStepsController.swift */,
				3455CEED1FA65C0A001DB405 /* CompletionController.swift */,
			);
			path = FirstSteps;
			sourceTree = "<group>";
		};
		CA9CD666AC26AEF8717737AE /* Pods */ = {
			isa = PBXGroup;
			children = (
				9D2DF7B5344CC92E9B49A5F9 /* Pods-Plandoc.debug.xcconfig */,
				08BEAE92DC79734E59535580 /* Pods-Plandoc.release.xcconfig */,
			);
			name = Pods;
			sourceTree = "<group>";
		};
		E81CAC70CACD9A451F4E57D8 /* Frameworks */ = {
			isa = PBXGroup;
			children = (
				34EFC4391FC5B9AD003640CC /* FBSDKCoreKit.framework */,
				34EFC43A1FC5B9AE003640CC /* FBSDKLoginKit.framework */,
				DF2AC1154E943F506F5EADE6 /* Pods_Plandoc.framework */,
			);
			name = Frameworks;
			sourceTree = "<group>";
		};
/* End PBXGroup section */

/* Begin PBXNativeTarget section */
		3477654F1F8FE93200082442 /* Plandoc */ = {
			isa = PBXNativeTarget;
			buildConfigurationList = 347765621F8FE93200082442 /* Build configuration list for PBXNativeTarget "Plandoc" */;
			buildPhases = (
				4D72DA086D2E266E0B9AD39C /* [CP] Check Pods Manifest.lock */,
				3477654C1F8FE93200082442 /* Sources */,
				3477654D1F8FE93200082442 /* Frameworks */,
				3477654E1F8FE93200082442 /* Resources */,
				219FE6149B58D790730BB70B /* [CP] Embed Pods Frameworks */,
				B12FFC458AD8536984F75A54 /* [CP] Copy Pods Resources */,
			);
			buildRules = (
			);
			dependencies = (
			);
			name = Plandoc;
			productName = Plandoc;
			productReference = 347765501F8FE93200082442 /* Plandoc.app */;
			productType = "com.apple.product-type.application";
		};
/* End PBXNativeTarget section */

/* Begin PBXProject section */
		347765481F8FE93200082442 /* Project object */ = {
			isa = PBXProject;
			attributes = {
				LastSwiftUpdateCheck = 0900;
				LastUpgradeCheck = 0900;
				ORGANIZATIONNAME = Plandoc;
				TargetAttributes = {
					3477654F1F8FE93200082442 = {
						CreatedOnToolsVersion = 9.0;
						SystemCapabilities = {
							com.apple.BackgroundModes = {
								enabled = 1;
							};
							com.apple.Push = {
								enabled = 1;
							};
						};
					};
				};
			};
			buildConfigurationList = 3477654B1F8FE93200082442 /* Build configuration list for PBXProject "Plandoc" */;
			compatibilityVersion = "Xcode 8.0";
			developmentRegion = en;
			hasScannedForEncodings = 0;
			knownRegions = (
				en,
				Base,
			);
			mainGroup = 347765471F8FE93200082442;
			productRefGroup = 347765511F8FE93200082442 /* Products */;
			projectDirPath = "";
			projectRoot = "";
			targets = (
				3477654F1F8FE93200082442 /* Plandoc */,
			);
		};
/* End PBXProject section */

/* Begin PBXResourcesBuildPhase section */
		3477654E1F8FE93200082442 /* Resources */ = {
			isa = PBXResourcesBuildPhase;
			buildActionMask = 2147483647;
			files = (
				34A075D61FAFFA2F006DDF68 /* Util.storyboard in Resources */,
				346322091F93D67A00F0CCF4 /* Podfile in Resources */,
				3477655E1F8FE93200082442 /* LaunchScreen.storyboard in Resources */,
				34E17B6C1FE899D500D2973F /* Membership.storyboard in Resources */,
				34D40A001F9FAB66002F3F51 /* Crud.storyboard in Resources */,
				3477655B1F8FE93200082442 /* Assets.xcassets in Resources */,
				341BDBC01F9E5F04000DEFCB /* Menu.storyboard in Resources */,
				3426E1B51FACE01D0087E1A5 /* Calendar.storyboard in Resources */,
				346EDE381FBD0C6E00F03EF4 /* Report.storyboard in Resources */,
				34AD2D571F976D010083E942 /* Tutorial.storyboard in Resources */,
				3477656F1F904BEC00082442 /* Signup.storyboard in Resources */,
				347765671F8FF50D00082442 /* Login.storyboard in Resources */,
				34AD2D4F1F966AE00083E942 /* FirstSteps.storyboard in Resources */,
				3450E7A61F94284000A239E4 /* GoogleService-Info.plist in Resources */,
				346EDE3A1FBD0E7F00F03EF4 /* Finance.storyboard in Resources */,
			);
			runOnlyForDeploymentPostprocessing = 0;
		};
/* End PBXResourcesBuildPhase section */

/* Begin PBXShellScriptBuildPhase section */
		219FE6149B58D790730BB70B /* [CP] Embed Pods Frameworks */ = {
			isa = PBXShellScriptBuildPhase;
			buildActionMask = 2147483647;
			files = (
			);
			inputPaths = (
				"${SRCROOT}/Pods/Target Support Files/Pods-Plandoc/Pods-Plandoc-frameworks.sh",
				"${BUILT_PRODUCTS_DIR}/Bolts/Bolts.framework",
				"${BUILT_PRODUCTS_DIR}/Charts/Charts.framework",
				"${BUILT_PRODUCTS_DIR}/ChromaColorPicker/ChromaColorPicker.framework",
				"${BUILT_PRODUCTS_DIR}/FSCalendar/FSCalendar.framework",
				"${BUILT_PRODUCTS_DIR}/GTMSessionFetcher/GTMSessionFetcher.framework",
				"${BUILT_PRODUCTS_DIR}/GoogleToolboxForMac/GoogleToolboxForMac.framework",
				"${BUILT_PRODUCTS_DIR}/IQKeyboardManagerSwift/IQKeyboardManagerSwift.framework",
				"${BUILT_PRODUCTS_DIR}/MapboxGeocoder.swift/MapboxGeocoder.framework",
				"${BUILT_PRODUCTS_DIR}/MapboxStatic.swift/MapboxStatic.framework",
				"${BUILT_PRODUCTS_DIR}/SearchTextField/SearchTextField.framework",
				"${BUILT_PRODUCTS_DIR}/leveldb-library/leveldb.framework",
				"${BUILT_PRODUCTS_DIR}/nanopb/nanopb.framework",
			);
			name = "[CP] Embed Pods Frameworks";
			outputPaths = (
				"${TARGET_BUILD_DIR}/${FRAMEWORKS_FOLDER_PATH}/Bolts.framework",
				"${TARGET_BUILD_DIR}/${FRAMEWORKS_FOLDER_PATH}/Charts.framework",
				"${TARGET_BUILD_DIR}/${FRAMEWORKS_FOLDER_PATH}/ChromaColorPicker.framework",
				"${TARGET_BUILD_DIR}/${FRAMEWORKS_FOLDER_PATH}/FSCalendar.framework",
				"${TARGET_BUILD_DIR}/${FRAMEWORKS_FOLDER_PATH}/GTMSessionFetcher.framework",
				"${TARGET_BUILD_DIR}/${FRAMEWORKS_FOLDER_PATH}/GoogleToolboxForMac.framework",
				"${TARGET_BUILD_DIR}/${FRAMEWORKS_FOLDER_PATH}/IQKeyboardManagerSwift.framework",
				"${TARGET_BUILD_DIR}/${FRAMEWORKS_FOLDER_PATH}/MapboxGeocoder.framework",
				"${TARGET_BUILD_DIR}/${FRAMEWORKS_FOLDER_PATH}/MapboxStatic.framework",
				"${TARGET_BUILD_DIR}/${FRAMEWORKS_FOLDER_PATH}/SearchTextField.framework",
				"${TARGET_BUILD_DIR}/${FRAMEWORKS_FOLDER_PATH}/leveldb.framework",
				"${TARGET_BUILD_DIR}/${FRAMEWORKS_FOLDER_PATH}/nanopb.framework",
			);
			runOnlyForDeploymentPostprocessing = 0;
			shellPath = /bin/sh;
			shellScript = "\"${SRCROOT}/Pods/Target Support Files/Pods-Plandoc/Pods-Plandoc-frameworks.sh\"\n";
			showEnvVarsInLog = 0;
		};
		4D72DA086D2E266E0B9AD39C /* [CP] Check Pods Manifest.lock */ = {
			isa = PBXShellScriptBuildPhase;
			buildActionMask = 2147483647;
			files = (
			);
			inputPaths = (
				"${PODS_PODFILE_DIR_PATH}/Podfile.lock",
				"${PODS_ROOT}/Manifest.lock",
			);
			name = "[CP] Check Pods Manifest.lock";
			outputPaths = (
				"$(DERIVED_FILE_DIR)/Pods-Plandoc-checkManifestLockResult.txt",
			);
			runOnlyForDeploymentPostprocessing = 0;
			shellPath = /bin/sh;
			shellScript = "diff \"${PODS_PODFILE_DIR_PATH}/Podfile.lock\" \"${PODS_ROOT}/Manifest.lock\" > /dev/null\nif [ $? != 0 ] ; then\n    # print error to STDERR\n    echo \"error: The sandbox is not in sync with the Podfile.lock. Run 'pod install' or update your CocoaPods installation.\" >&2\n    exit 1\nfi\n# This output is used by Xcode 'outputs' to avoid re-running this script phase.\necho \"SUCCESS\" > \"${SCRIPT_OUTPUT_FILE_0}\"\n";
			showEnvVarsInLog = 0;
		};
		B12FFC458AD8536984F75A54 /* [CP] Copy Pods Resources */ = {
			isa = PBXShellScriptBuildPhase;
			buildActionMask = 2147483647;
			files = (
			);
			inputPaths = (
				"${SRCROOT}/Pods/Target Support Files/Pods-Plandoc/Pods-Plandoc-resources.sh",
				$PODS_CONFIGURATION_BUILD_DIR/FirebaseUI/FirebaseAuthUI.bundle,
				$PODS_CONFIGURATION_BUILD_DIR/FirebaseUI/FirebasePhoneAuthUI.bundle,
			);
			name = "[CP] Copy Pods Resources";
			outputPaths = (
				"${TARGET_BUILD_DIR}/${UNLOCALIZED_RESOURCES_FOLDER_PATH}",
			);
			runOnlyForDeploymentPostprocessing = 0;
			shellPath = /bin/sh;
			shellScript = "\"${SRCROOT}/Pods/Target Support Files/Pods-Plandoc/Pods-Plandoc-resources.sh\"\n";
			showEnvVarsInLog = 0;
		};
/* End PBXShellScriptBuildPhase section */

/* Begin PBXSourcesBuildPhase section */
		3477654C1F8FE93200082442 /* Sources */ = {
			isa = PBXSourcesBuildPhase;
			buildActionMask = 2147483647;
			files = (
				3426E1B11FABA59C0087E1A5 /* Profile.swift in Sources */,
				345568371FBF535E00B32627 /* CalendarController.swift in Sources */,
				34C478871FE48F9400FF6E05 /* MainReportController.swift in Sources */,
				347765541F8FE93200082442 /* AppDelegate.swift in Sources */,
				34D056071F96608100C0344B /* SignupCodeController.swift in Sources */,
				3455CEEC1FA642A7001DB405 /* ShiftController.swift in Sources */,
				3426E1B31FABA5B30087E1A5 /* Shift.swift in Sources */,
				34D409FE1F9F8948002F3F51 /* FirstStepsController.swift in Sources */,
				3426E1AF1FAB756A0087E1A5 /* User.swift in Sources */,
				347765721F905F8400082442 /* UIExtensions.swift in Sources */,
				34D056051F9583F800C0344B /* SignupPhoneController.swift in Sources */,
				34415CDB1FC07A8C0093F761 /* ForgotPasswordController.swift in Sources */,
				34AD2D581F976D010083E942 /* PageController.swift in Sources */,
				3450E7A91F950D6E00A239E4 /* SignupNameController.swift in Sources */,
				346BDC3E1FB4B9D300635ABA /* AccountController.swift in Sources */,
				346BDC3A1FB0F02000635ABA /* Company.swift in Sources */,
				343B60181FCF8E83004A4418 /* ShiftCustomCell.swift in Sources */,
				341BDBBE1F9E592A000DEFCB /* InitialController.swift in Sources */,
				3455CEEE1FA65C0A001DB405 /* CompletionController.swift in Sources */,
				3450E7AB1F953DD900A239E4 /* UIStoryboardSegueSlide.swift in Sources */,
				3455CEEA1FA64279001DB405 /* CompanyController.swift in Sources */,
				346BDC3C1FB21E4B00635ABA /* MenuController.swift in Sources */,
				347765691F8FF60100082442 /* LoginController.swift in Sources */,
				34A075D81FAFFB2F006DDF68 /* AlertController.swift in Sources */,
				34AD2D561F976D010083E942 /* TutorialController.swift in Sources */,
				3426E1B71FAD0FB70087E1A5 /* MonthYearPickerView.swift in Sources */,
				344353581FE5DEA000363111 /* FinanceController.swift in Sources */,
				34D40A021F9FBD81002F3F51 /* ProfileController.swift in Sources */,
			);
			runOnlyForDeploymentPostprocessing = 0;
		};
/* End PBXSourcesBuildPhase section */

/* Begin PBXVariantGroup section */
		3477655C1F8FE93200082442 /* LaunchScreen.storyboard */ = {
			isa = PBXVariantGroup;
			children = (
				3477655D1F8FE93200082442 /* Base */,
			);
			name = LaunchScreen.storyboard;
			sourceTree = "<group>";
		};
/* End PBXVariantGroup section */

/* Begin XCBuildConfiguration section */
		347765601F8FE93200082442 /* Debug */ = {
			isa = XCBuildConfiguration;
			buildSettings = {
				ALWAYS_SEARCH_USER_PATHS = NO;
				CLANG_ANALYZER_NONNULL = YES;
				CLANG_ANALYZER_NUMBER_OBJECT_CONVERSION = YES_AGGRESSIVE;
				CLANG_CXX_LANGUAGE_STANDARD = "gnu++14";
				CLANG_CXX_LIBRARY = "libc++";
				CLANG_ENABLE_MODULES = YES;
				CLANG_ENABLE_OBJC_ARC = YES;
				CLANG_WARN_BLOCK_CAPTURE_AUTORELEASING = YES;
				CLANG_WARN_BOOL_CONVERSION = YES;
				CLANG_WARN_COMMA = YES;
				CLANG_WARN_CONSTANT_CONVERSION = YES;
				CLANG_WARN_DIRECT_OBJC_ISA_USAGE = YES_ERROR;
				CLANG_WARN_DOCUMENTATION_COMMENTS = YES;
				CLANG_WARN_EMPTY_BODY = YES;
				CLANG_WARN_ENUM_CONVERSION = YES;
				CLANG_WARN_INFINITE_RECURSION = YES;
				CLANG_WARN_INT_CONVERSION = YES;
				CLANG_WARN_OBJC_ROOT_CLASS = YES_ERROR;
				CLANG_WARN_RANGE_LOOP_ANALYSIS = YES;
				CLANG_WARN_STRICT_PROTOTYPES = YES;
				CLANG_WARN_SUSPICIOUS_MOVE = YES;
				CLANG_WARN_UNGUARDED_AVAILABILITY = YES_AGGRESSIVE;
				CLANG_WARN_UNREACHABLE_CODE = YES;
				CLANG_WARN__DUPLICATE_METHOD_MATCH = YES;
				CODE_SIGN_IDENTITY = "iPhone Developer";
				COPY_PHASE_STRIP = NO;
				DEBUG_INFORMATION_FORMAT = dwarf;
				ENABLE_STRICT_OBJC_MSGSEND = YES;
				ENABLE_TESTABILITY = YES;
				GCC_C_LANGUAGE_STANDARD = gnu11;
				GCC_DYNAMIC_NO_PIC = NO;
				GCC_NO_COMMON_BLOCKS = YES;
				GCC_OPTIMIZATION_LEVEL = 0;
				GCC_PREPROCESSOR_DEFINITIONS = (
					"DEBUG=1",
					"$(inherited)",
				);
				GCC_WARN_64_TO_32_BIT_CONVERSION = YES;
				GCC_WARN_ABOUT_RETURN_TYPE = YES_ERROR;
				GCC_WARN_UNDECLARED_SELECTOR = YES;
				GCC_WARN_UNINITIALIZED_AUTOS = YES_AGGRESSIVE;
				GCC_WARN_UNUSED_FUNCTION = YES;
				GCC_WARN_UNUSED_VARIABLE = YES;
				IPHONEOS_DEPLOYMENT_TARGET = 11.0;
				MTL_ENABLE_DEBUG_INFO = YES;
				ONLY_ACTIVE_ARCH = YES;
				SDKROOT = iphoneos;
				SWIFT_ACTIVE_COMPILATION_CONDITIONS = DEBUG;
				SWIFT_OPTIMIZATION_LEVEL = "-Onone";
			};
			name = Debug;
		};
		347765611F8FE93200082442 /* Release */ = {
			isa = XCBuildConfiguration;
			buildSettings = {
				ALWAYS_SEARCH_USER_PATHS = NO;
				CLANG_ANALYZER_NONNULL = YES;
				CLANG_ANALYZER_NUMBER_OBJECT_CONVERSION = YES_AGGRESSIVE;
				CLANG_CXX_LANGUAGE_STANDARD = "gnu++14";
				CLANG_CXX_LIBRARY = "libc++";
				CLANG_ENABLE_MODULES = YES;
				CLANG_ENABLE_OBJC_ARC = YES;
				CLANG_WARN_BLOCK_CAPTURE_AUTORELEASING = YES;
				CLANG_WARN_BOOL_CONVERSION = YES;
				CLANG_WARN_COMMA = YES;
				CLANG_WARN_CONSTANT_CONVERSION = YES;
				CLANG_WARN_DIRECT_OBJC_ISA_USAGE = YES_ERROR;
				CLANG_WARN_DOCUMENTATION_COMMENTS = YES;
				CLANG_WARN_EMPTY_BODY = YES;
				CLANG_WARN_ENUM_CONVERSION = YES;
				CLANG_WARN_INFINITE_RECURSION = YES;
				CLANG_WARN_INT_CONVERSION = YES;
				CLANG_WARN_OBJC_ROOT_CLASS = YES_ERROR;
				CLANG_WARN_RANGE_LOOP_ANALYSIS = YES;
				CLANG_WARN_STRICT_PROTOTYPES = YES;
				CLANG_WARN_SUSPICIOUS_MOVE = YES;
				CLANG_WARN_UNGUARDED_AVAILABILITY = YES_AGGRESSIVE;
				CLANG_WARN_UNREACHABLE_CODE = YES;
				CLANG_WARN__DUPLICATE_METHOD_MATCH = YES;
				CODE_SIGN_IDENTITY = "iPhone Developer";
				COPY_PHASE_STRIP = NO;
				DEBUG_INFORMATION_FORMAT = "dwarf-with-dsym";
				ENABLE_NS_ASSERTIONS = NO;
				ENABLE_STRICT_OBJC_MSGSEND = YES;
				GCC_C_LANGUAGE_STANDARD = gnu11;
				GCC_NO_COMMON_BLOCKS = YES;
				GCC_WARN_64_TO_32_BIT_CONVERSION = YES;
				GCC_WARN_ABOUT_RETURN_TYPE = YES_ERROR;
				GCC_WARN_UNDECLARED_SELECTOR = YES;
				GCC_WARN_UNINITIALIZED_AUTOS = YES_AGGRESSIVE;
				GCC_WARN_UNUSED_FUNCTION = YES;
				GCC_WARN_UNUSED_VARIABLE = YES;
				IPHONEOS_DEPLOYMENT_TARGET = 11.0;
				MTL_ENABLE_DEBUG_INFO = NO;
				SDKROOT = iphoneos;
				SWIFT_OPTIMIZATION_LEVEL = "-Owholemodule";
				VALIDATE_PRODUCT = YES;
			};
			name = Release;
		};
		347765631F8FE93200082442 /* Debug */ = {
			isa = XCBuildConfiguration;
			baseConfigurationReference = 9D2DF7B5344CC92E9B49A5F9 /* Pods-Plandoc.debug.xcconfig */;
			buildSettings = {
				ASSETCATALOG_COMPILER_APPICON_NAME = AppIcon;
				CODE_SIGN_ENTITLEMENTS = Plandoc/Plandoc.entitlements;
				DEVELOPMENT_TEAM = KYAUQ77CED;
				ENABLE_BITCODE = NO;
				FRAMEWORK_SEARCH_PATHS = (
					"$(inherited)",
					"$(PROJECT_DIR)",
					"~/Documents/FacebookSDK",
				);
				INFOPLIST_FILE = Plandoc/Info.plist;
				LD_RUNPATH_SEARCH_PATHS = "$(inherited) @executable_path/Frameworks";
				PRODUCT_BUNDLE_IDENTIFIER = app.plandoc;
				PRODUCT_NAME = "$(TARGET_NAME)";
				SWIFT_REFLECTION_METADATA_LEVEL = none;
				SWIFT_VERSION = 4.0;
				TARGETED_DEVICE_FAMILY = "1,2";
			};
			name = Debug;
		};
		347765641F8FE93200082442 /* Release */ = {
			isa = XCBuildConfiguration;
			baseConfigurationReference = 08BEAE92DC79734E59535580 /* Pods-Plandoc.release.xcconfig */;
			buildSettings = {
				ASSETCATALOG_COMPILER_APPICON_NAME = AppIcon;
				CODE_SIGN_ENTITLEMENTS = Plandoc/Plandoc.entitlements;
				DEVELOPMENT_TEAM = KYAUQ77CED;
				ENABLE_BITCODE = NO;
				FRAMEWORK_SEARCH_PATHS = (
					"$(inherited)",
					"$(PROJECT_DIR)",
					"~/Documents/FacebookSDK",
				);
				INFOPLIST_FILE = Plandoc/Info.plist;
				LD_RUNPATH_SEARCH_PATHS = "$(inherited) @executable_path/Frameworks";
				PRODUCT_BUNDLE_IDENTIFIER = app.plandoc;
				PRODUCT_NAME = "$(TARGET_NAME)";
				SWIFT_REFLECTION_METADATA_LEVEL = none;
				SWIFT_VERSION = 4.0;
				TARGETED_DEVICE_FAMILY = "1,2";
			};
			name = Release;
		};
/* End XCBuildConfiguration section */

/* Begin XCConfigurationList section */
		3477654B1F8FE93200082442 /* Build configuration list for PBXProject "Plandoc" */ = {
			isa = XCConfigurationList;
			buildConfigurations = (
				347765601F8FE93200082442 /* Debug */,
				347765611F8FE93200082442 /* Release */,
			);
			defaultConfigurationIsVisible = 0;
			defaultConfigurationName = Release;
		};
		347765621F8FE93200082442 /* Build configuration list for PBXNativeTarget "Plandoc" */ = {
			isa = XCConfigurationList;
			buildConfigurations = (
				347765631F8FE93200082442 /* Debug */,
				347765641F8FE93200082442 /* Release */,
			);
			defaultConfigurationIsVisible = 0;
			defaultConfigurationName = Release;
		};
/* End XCConfigurationList section */
	};
	rootObject = 347765481F8FE93200082442 /* Project object */;
}
